<Solution>
  <Project Path="c2-AsyncCommands\c2-AsyncCommands.csproj" Type="Classic C#" />
  <Project Path="c2-CollectionInitialization\c2-CollectionInitialization.csproj" Type="Classic C#" />
  <Project Path="c2-DecoupleViewAndViewModel\c2-DecoupleViewAndViewModel.csproj" Type="Classic C#" />
  <Project Path="c2-GeneratedViewModels\c2-GeneratedViewModels.csproj" Type="Classic C#" />
  <Project Path="c2-UiAndViewModelInteraction\c2-UiAndViewModelInteraction.csproj" Type="Classic C#" />
</Solution>